// !$*UTF8*$!
{
	archiveVersion = 1;
	classes = {
	};
	objectVersion = 46;
	objects = {

/* Begin PBXBuildFile section */
		5CABED4F192E5E84005DE1FF /* Foundation.framework in Frameworks */ = {isa = PBXBuildFile; fileRef = 5CABED4E192E5E84005DE1FF /* Foundation.framework */; };
		5CABED51192E5E84005DE1FF /* CoreGraphics.framework in Frameworks */ = {isa = PBXBuildFile; fileRef = 5CABED50192E5E84005DE1FF /* CoreGraphics.framework */; };
		5CABED53192E5E84005DE1FF /* UIKit.framework in Frameworks */ = {isa = PBXBuildFile; fileRef = 5CABED52192E5E84005DE1FF /* UIKit.framework */; };
		5CABED59192E5E84005DE1FF /* InfoPlist.strings in Resources */ = {isa = PBXBuildFile; fileRef = 5CABED57192E5E84005DE1FF /* InfoPlist.strings */; };
		5CABED5B192E5E84005DE1FF /* main.m in Sources */ = {isa = PBXBuildFile; fileRef = 5CABED5A192E5E84005DE1FF /* main.m */; };
		5CABED5F192E5E84005DE1FF /* CDSAppDelegate.m in Sources */ = {isa = PBXBuildFile; fileRef = 5CABED5E192E5E84005DE1FF /* CDSAppDelegate.m */; };
		5CABED61192E5E84005DE1FF /* Images.xcassets in Resources */ = {isa = PBXBuildFile; fileRef = 5CABED60192E5E84005DE1FF /* Images.xcassets */; };
		5CABED68192E5E84005DE1FF /* XCTest.framework in Frameworks */ = {isa = PBXBuildFile; fileRef = 5CABED67192E5E84005DE1FF /* XCTest.framework */; };
		5CABED69192E5E84005DE1FF /* Foundation.framework in Frameworks */ = {isa = PBXBuildFile; fileRef = 5CABED4E192E5E84005DE1FF /* Foundation.framework */; };
		5CABED6A192E5E84005DE1FF /* UIKit.framework in Frameworks */ = {isa = PBXBuildFile; fileRef = 5CABED52192E5E84005DE1FF /* UIKit.framework */; };
		5CABED72192E5E84005DE1FF /* InfoPlist.strings in Resources */ = {isa = PBXBuildFile; fileRef = 5CABED70192E5E84005DE1FF /* InfoPlist.strings */; };
		5CABED74192E5E84005DE1FF /* CoreDataSample2Tests.m in Sources */ = {isa = PBXBuildFile; fileRef = 5CABED73192E5E84005DE1FF /* CoreDataSample2Tests.m */; };
		5CABED7F192E5EAA005DE1FF /* Model.xcdatamodeld in Sources */ = {isa = PBXBuildFile; fileRef = 5CABED7D192E5EAA005DE1FF /* Model.xcdatamodeld */; };
		5CABED82192E5EEC005DE1FF /* Entity.m in Sources */ = {isa = PBXBuildFile; fileRef = 5CABED81192E5EEC005DE1FF /* Entity.m */; };
		5CABED84192E6222005DE1FF /* CoreData.framework in Frameworks */ = {isa = PBXBuildFile; fileRef = 5CABED83192E6222005DE1FF /* CoreData.framework */; };
		5CABED87192E64BD005DE1FF /* CDSViewController.m in Sources */ = {isa = PBXBuildFile; fileRef = 5CABED86192E64BD005DE1FF /* CDSViewController.m */; };
/* End PBXBuildFile section */

/* Begin PBXContainerItemProxy section */
		5CABED6B192E5E84005DE1FF /* PBXContainerItemProxy */ = {
			isa = PBXContainerItemProxy;
			containerPortal = 5CABED43192E5E84005DE1FF /* Project object */;
			proxyType = 1;
			remoteGlobalIDString = 5CABED4A192E5E84005DE1FF;
			remoteInfo = CoreDataSample2;
		};
/* End PBXContainerItemProxy section */

/* Begin PBXFileReference section */
		5CABED4B192E5E84005DE1FF /* CoreDataSample2.app */ = {isa = PBXFileReference; explicitFileType = wrapper.application; includeInIndex = 0; path = CoreDataSample2.app; sourceTree = BUILT_PRODUCTS_DIR; };
		5CABED4E192E5E84005DE1FF /* Foundation.framework */ = {isa = PBXFileReference; lastKnownFileType = wrapper.framework; name = Foundation.framework; path = System/Library/Frameworks/Foundation.framework; sourceTree = SDKROOT; };
		5CABED50192E5E84005DE1FF /* CoreGraphics.framework */ = {isa = PBXFileReference; lastKnownFileType = wrapper.framework; name = CoreGraphics.framework; path = System/Library/Frameworks/CoreGraphics.framework; sourceTree = SDKROOT; };
		5CABED52192E5E84005DE1FF /* UIKit.framework */ = {isa = PBXFileReference; lastKnownFileType = wrapper.framework; name = UIKit.framework; path = System/Library/Frameworks/UIKit.framework; sourceTree = SDKROOT; };
		5CABED56192E5E84005DE1FF /* CoreDataSample2-Info.plist */ = {isa = PBXFileReference; lastKnownFileType = text.plist.xml; path = "CoreDataSample2-Info.plist"; sourceTree = "<group>"; };
		5CABED58192E5E84005DE1FF /* en */ = {isa = PBXFileReference; lastKnownFileType = text.plist.strings; name = en; path = en.lproj/InfoPlist.strings; sourceTree = "<group>"; };
		5CABED5A192E5E84005DE1FF /* main.m */ = {isa = PBXFileReference; lastKnownFileType = sourcecode.c.objc; path = main.m; sourceTree = "<group>"; };
		5CABED5C192E5E84005DE1FF /* CoreDataSample2-Prefix.pch */ = {isa = PBXFileReference; lastKnownFileType = sourcecode.c.h; path = "CoreDataSample2-Prefix.pch"; sourceTree = "<group>"; };
		5CABED5D192E5E84005DE1FF /* CDSAppDelegate.h */ = {isa = PBXFileReference; lastKnownFileType = sourcecode.c.h; path = CDSAppDelegate.h; sourceTree = "<group>"; };
		5CABED5E192E5E84005DE1FF /* CDSAppDelegate.m */ = {isa = PBXFileReference; lastKnownFileType = sourcecode.c.objc; path = CDSAppDelegate.m; sourceTree = "<group>"; };
		5CABED60192E5E84005DE1FF /* Images.xcassets */ = {isa = PBXFileReference; lastKnownFileType = folder.assetcatalog; path = Images.xcassets; sourceTree = "<group>"; };
		5CABED66192E5E84005DE1FF /* CoreDataSample2Tests.xctest */ = {isa = PBXFileReference; explicitFileType = wrapper.cfbundle; includeInIndex = 0; path = CoreDataSample2Tests.xctest; sourceTree = BUILT_PRODUCTS_DIR; };
		5CABED67192E5E84005DE1FF /* XCTest.framework */ = {isa = PBXFileReference; lastKnownFileType = wrapper.framework; name = XCTest.framework; path = Library/Frameworks/XCTest.framework; sourceTree = DEVELOPER_DIR; };
		5CABED6F192E5E84005DE1FF /* CoreDataSample2Tests-Info.plist */ = {isa = PBXFileReference; lastKnownFileType = text.plist.xml; path = "CoreDataSample2Tests-Info.plist"; sourceTree = "<group>"; };
		5CABED71192E5E84005DE1FF /* en */ = {isa = PBXFileReference; lastKnownFileType = text.plist.strings; name = en; path = en.lproj/InfoPlist.strings; sourceTree = "<group>"; };
		5CABED73192E5E84005DE1FF /* CoreDataSample2Tests.m */ = {isa = PBXFileReference; lastKnownFileType = sourcecode.c.objc; path = CoreDataSample2Tests.m; sourceTree = "<group>"; };
		5CABED7E192E5EAA005DE1FF /* Model.xcdatamodel */ = {isa = PBXFileReference; lastKnownFileType = wrapper.xcdatamodel; path = Model.xcdatamodel; sourceTree = "<group>"; };
		5CABED80192E5EEC005DE1FF /* Entity.h */ = {isa = PBXFileReference; fileEncoding = 4; lastKnownFileType = sourcecode.c.h; path = Entity.h; sourceTree = "<group>"; };
		5CABED81192E5EEC005DE1FF /* Entity.m */ = {isa = PBXFileReference; fileEncoding = 4; lastKnownFileType = sourcecode.c.objc; path = Entity.m; sourceTree = "<group>"; };
		5CABED83192E6222005DE1FF /* CoreData.framework */ = {isa = PBXFileReference; lastKnownFileType = wrapper.framework; name = CoreData.framework; path = System/Library/Frameworks/CoreData.framework; sourceTree = SDKROOT; };
		5CABED85192E64BD005DE1FF /* CDSViewController.h */ = {isa = PBXFileReference; fileEncoding = 4; lastKnownFileType = sourcecode.c.h; path = CDSViewController.h; sourceTree = "<group>"; };
		5CABED86192E64BD005DE1FF /* CDSViewController.m */ = {isa = PBXFileReference; fileEncoding = 4; lastKnownFileType = sourcecode.c.objc; path = CDSViewController.m; sourceTree = "<group>"; };
/* End PBXFileReference section */

/* Begin PBXFrameworksBuildPhase section */
		5CABED48192E5E84005DE1FF /* Frameworks */ = {
			isa = PBXFrameworksBuildPhase;
			buildActionMask = 2147483647;
			files = (
				5CABED84192E6222005DE1FF /* CoreData.framework in Frameworks */,
				5CABED51192E5E84005DE1FF /* CoreGraphics.framework in Frameworks */,
				5CABED53192E5E84005DE1FF /* UIKit.framework in Frameworks */,
				5CABED4F192E5E84005DE1FF /* Foundation.framework in Frameworks */,
			);
			runOnlyForDeploymentPostprocessing = 0;
		};
		5CABED63192E5E84005DE1FF /* Frameworks */ = {
			isa = PBXFrameworksBuildPhase;
			buildActionMask = 2147483647;
			files = (
				5CABED68192E5E84005DE1FF /* XCTest.framework in Frameworks */,
				5CABED6A192E5E84005DE1FF /* UIKit.framework in Frameworks */,
				5CABED69192E5E84005DE1FF /* Foundation.framework in Frameworks */,
			);
			runOnlyForDeploymentPostprocessing = 0;
		};
/* End PBXFrameworksBuildPhase section */

/* Begin PBXGroup section */
		5CABED42192E5E84005DE1FF = {
			isa = PBXGroup;
			children = (
				5CABED54192E5E84005DE1FF /* CoreDataSample2 */,
				5CABED6D192E5E84005DE1FF /* CoreDataSample2Tests */,
				5CABED4D192E5E84005DE1FF /* Frameworks */,
				5CABED4C192E5E84005DE1FF /* Products */,
			);
			sourceTree = "<group>";
		};
		5CABED4C192E5E84005DE1FF /* Products */ = {
			isa = PBXGroup;
			children = (
				5CABED4B192E5E84005DE1FF /* CoreDataSample2.app */,
				5CABED66192E5E84005DE1FF /* CoreDataSample2Tests.xctest */,
			);
			name = Products;
			sourceTree = "<group>";
		};
		5CABED4D192E5E84005DE1FF /* Frameworks */ = {
			isa = PBXGroup;
			children = (
				5CABED83192E6222005DE1FF /* CoreData.framework */,
				5CABED4E192E5E84005DE1FF /* Foundation.framework */,
				5CABED50192E5E84005DE1FF /* CoreGraphics.framework */,
				5CABED52192E5E84005DE1FF /* UIKit.framework */,
				5CABED67192E5E84005DE1FF /* XCTest.framework */,
			);
			name = Frameworks;
			sourceTree = "<group>";
		};
		5CABED54192E5E84005DE1FF /* CoreDataSample2 */ = {
			isa = PBXGroup;
			children = (
				5CABED5D192E5E84005DE1FF /* CDSAppDelegate.h */,
				5CABED5E192E5E84005DE1FF /* CDSAppDelegate.m */,
				5CABED60192E5E84005DE1FF /* Images.xcassets */,
				5CABED55192E5E84005DE1FF /* Supporting Files */,
				5CABED7D192E5EAA005DE1FF /* Model.xcdatamodeld */,
				5CABED80192E5EEC005DE1FF /* Entity.h */,
				5CABED81192E5EEC005DE1FF /* Entity.m */,
				5CABED85192E64BD005DE1FF /* CDSViewController.h */,
				5CABED86192E64BD005DE1FF /* CDSViewController.m */,
			);
			path = CoreDataSample2;
			sourceTree = "<group>";
		};
		5CABED55192E5E84005DE1FF /* Supporting Files */ = {
			isa = PBXGroup;
			children = (
				5CABED56192E5E84005DE1FF /* CoreDataSample2-Info.plist */,
				5CABED57192E5E84005DE1FF /* InfoPlist.strings */,
				5CABED5A192E5E84005DE1FF /* main.m */,
				5CABED5C192E5E84005DE1FF /* CoreDataSample2-Prefix.pch */,
			);
			name = "Supporting Files";
			sourceTree = "<group>";
		};
		5CABED6D192E5E84005DE1FF /* CoreDataSample2Tests */ = {
			isa = PBXGroup;
			children = (
				5CABED73192E5E84005DE1FF /* CoreDataSample2Tests.m */,
				5CABED6E192E5E84005DE1FF /* Supporting Files */,
			);
			path = CoreDataSample2Tests;
			sourceTree = "<group>";
		};
		5CABED6E192E5E84005DE1FF /* Supporting Files */ = {
			isa = PBXGroup;
			children = (
				5CABED6F192E5E84005DE1FF /* CoreDataSample2Tests-Info.plist */,
				5CABED70192E5E84005DE1FF /* InfoPlist.strings */,
			);
			name = "Supporting Files";
			sourceTree = "<group>";
		};
/* End PBXGroup section */

/* Begin PBXNativeTarget section */
		5CABED4A192E5E84005DE1FF /* CoreDataSample2 */ = {
			isa = PBXNativeTarget;
			buildConfigurationList = 5CABED77192E5E84005DE1FF /* Build configuration list for PBXNativeTarget "CoreDataSample2" */;
			buildPhases = (
				5CABED47192E5E84005DE1FF /* Sources */,
				5CABED48192E5E84005DE1FF /* Frameworks */,
				5CABED49192E5E84005DE1FF /* Resources */,
			);
			buildRules = (
			);
			dependencies = (
			);
			name = CoreDataSample2;
			productName = CoreDataSample2;
			productReference = 5CABED4B192E5E84005DE1FF /* CoreDataSample2.app */;
			productType = "com.apple.product-type.application";
		};
		5CABED65192E5E84005DE1FF /* CoreDataSample2Tests */ = {
			isa = PBXNativeTarget;
			buildConfigurationList = 5CABED7A192E5E84005DE1FF /* Build configuration list for PBXNativeTarget "CoreDataSample2Tests" */;
			buildPhases = (
				5CABED62192E5E84005DE1FF /* Sources */,
				5CABED63192E5E84005DE1FF /* Frameworks */,
				5CABED64192E5E84005DE1FF /* Resources */,
			);
			buildRules = (
			);
			dependencies = (
				5CABED6C192E5E84005DE1FF /* PBXTargetDependency */,
			);
			name = CoreDataSample2Tests;
			productName = CoreDataSample2Tests;
			productReference = 5CABED66192E5E84005DE1FF /* CoreDataSample2Tests.xctest */;
			productType = "com.apple.product-type.bundle.unit-test";
		};
/* End PBXNativeTarget section */

/* Begin PBXProject section */
		5CABED43192E5E84005DE1FF /* Project object */ = {
			isa = PBXProject;
			attributes = {
				CLASSPREFIX = CDS;
				LastUpgradeCheck = 0510;
				ORGANIZATIONNAME = "比留間 和也";
				TargetAttributes = {
					5CABED65192E5E84005DE1FF = {
						TestTargetID = 5CABED4A192E5E84005DE1FF;
					};
				};
			};
			buildConfigurationList = 5CABED46192E5E84005DE1FF /* Build configuration list for PBXProject "CoreDataSample2" */;
			compatibilityVersion = "Xcode 3.2";
			developmentRegion = English;
			hasScannedForEncodings = 0;
			knownRegions = (
				en,
			);
			mainGroup = 5CABED42192E5E84005DE1FF;
			productRefGroup = 5CABED4C192E5E84005DE1FF /* Products */;
			projectDirPath = "";
			projectRoot = "";
			targets = (
				5CABED4A192E5E84005DE1FF /* CoreDataSample2 */,
				5CABED65192E5E84005DE1FF /* CoreDataSample2Tests */,
			);
		};
/* End PBXProject section */

/* Begin PBXResourcesBuildPhase section */
		5CABED49192E5E84005DE1FF /* Resources */ = {
			isa = PBXResourcesBuildPhase;
			buildActionMask = 2147483647;
			files = (
				5CABED59192E5E84005DE1FF /* InfoPlist.strings in Resources */,
				5CABED61192E5E84005DE1FF /* Images.xcassets in Resources */,
			);
			runOnlyForDeploymentPostprocessing = 0;
		};
		5CABED64192E5E84005DE1FF /* Resources */ = {
			isa = PBXResourcesBuildPhase;
			buildActionMask = 2147483647;
			files = (
				5CABED72192E5E84005DE1FF /* InfoPlist.strings in Resources */,
			);
			runOnlyForDeploymentPostprocessing = 0;
		};
/* End PBXResourcesBuildPhase section */

/* Begin PBXSourcesBuildPhase section */
		5CABED47192E5E84005DE1FF /* Sources */ = {
			isa = PBXSourcesBuildPhase;
			buildActionMask = 2147483647;
			files = (
				5CABED82192E5EEC005DE1FF /* Entity.m in Sources */,
				5CABED5B192E5E84005DE1FF /* main.m in Sources */,
				5CABED5F192E5E84005DE1FF /* CDSAppDelegate.m in Sources */,
				5CABED87192E64BD005DE1FF /* CDSViewController.m in Sources */,
				5CABED7F192E5EAA005DE1FF /* Model.xcdatamodeld in Sources */,
			);
			runOnlyForDeploymentPostprocessing = 0;
		};
		5CABED62192E5E84005DE1FF /* Sources */ = {
			isa = PBXSourcesBuildPhase;
			buildActionMask = 2147483647;
			files = (
				5CABED74192E5E84005DE1FF /* CoreDataSample2Tests.m in Sources */,
			);
			runOnlyForDeploymentPostprocessing = 0;
		};
/* End PBXSourcesBuildPhase section */

/* Begin PBXTargetDependency section */
		5CABED6C192E5E84005DE1FF /* PBXTargetDependency */ = {
			isa = PBXTargetDependency;
			target = 5CABED4A192E5E84005DE1FF /* CoreDataSample2 */;
			targetProxy = 5CABED6B192E5E84005DE1FF /* PBXContainerItemProxy */;
		};
/* End PBXTargetDependency section */

/* Begin PBXVariantGroup section */
		5CABED57192E5E84005DE1FF /* InfoPlist.strings */ = {
			isa = PBXVariantGroup;
			children = (
				5CABED58192E5E84005DE1FF /* en */,
			);
			name = InfoPlist.strings;
			sourceTree = "<group>";
		};
		5CABED70192E5E84005DE1FF /* InfoPlist.strings */ = {
			isa = PBXVariantGroup;
			children = (
				5CABED71192E5E84005DE1FF /* en */,
			);
			name = InfoPlist.strings;
			sourceTree = "<group>";
		};
/* End PBXVariantGroup section */

/* Begin XCBuildConfiguration section */
		5CABED75192E5E84005DE1FF /* Debug */ = {
			isa = XCBuildConfiguration;
			buildSettings = {
				ALWAYS_SEARCH_USER_PATHS = NO;
				CLANG_CXX_LANGUAGE_STANDARD = "gnu++0x";
				CLANG_CXX_LIBRARY = "libc++";
				CLANG_ENABLE_MODULES = YES;
				CLANG_ENABLE_OBJC_ARC = YES;
				CLANG_WARN_BOOL_CONVERSION = YES;
				CLANG_WARN_CONSTANT_CONVERSION = YES;
				CLANG_WARN_DIRECT_OBJC_ISA_USAGE = YES_ERROR;
				CLANG_WARN_EMPTY_BODY = YES;
				CLANG_WARN_ENUM_CONVERSION = YES;
				CLANG_WARN_INT_CONVERSION = YES;
				CLANG_WARN_OBJC_ROOT_CLASS = YES_ERROR;
				CLANG_WARN__DUPLICATE_METHOD_MATCH = YES;
				"CODE_SIGN_IDENTITY[sdk=iphoneos*]" = "iPhone Developer";
				COPY_PHASE_STRIP = NO;
				GCC_C_LANGUAGE_STANDARD = gnu99;
				GCC_DYNAMIC_NO_PIC = NO;
				GCC_OPTIMIZATION_LEVEL = 0;
				GCC_PREPROCESSOR_DEFINITIONS = (
					"DEBUG=1",
					"$(inherited)",
				);
				GCC_SYMBOLS_PRIVATE_EXTERN = NO;
				GCC_WARN_64_TO_32_BIT_CONVERSION = YES;
				GCC_WARN_ABOUT_RETURN_TYPE = YES_ERROR;
				GCC_WARN_UNDECLARED_SELECTOR = YES;
				GCC_WARN_UNINITIALIZED_AUTOS = YES_AGGRESSIVE;
				GCC_WARN_UNUSED_FUNCTION = YES;
				GCC_WARN_UNUSED_VARIABLE = YES;
				IPHONEOS_DEPLOYMENT_TARGET = 7.1;
				ONLY_ACTIVE_ARCH = YES;
				SDKROOT = iphoneos;
			};
			name = Debug;
		};
		5CABED76192E5E84005DE1FF /* Release */ = {
			isa = XCBuildConfiguration;
			buildSettings = {
				ALWAYS_SEARCH_USER_PATHS = NO;
				CLANG_CXX_LANGUAGE_STANDARD = "gnu++0x";
				CLANG_CXX_LIBRARY = "libc++";
				CLANG_ENABLE_MODULES = YES;
				CLANG_ENABLE_OBJC_ARC = YES;
				CLANG_WARN_BOOL_CONVERSION = YES;
				CLANG_WARN_CONSTANT_CONVERSION = YES;
				CLANG_WARN_DIRECT_OBJC_ISA_USAGE = YES_ERROR;
				CLANG_WARN_EMPTY_BODY = YES;
				CLANG_WARN_ENUM_CONVERSION = YES;
				CLANG_WARN_INT_CONVERSION = YES;
				CLANG_WARN_OBJC_ROOT_CLASS = YES_ERROR;
				CLANG_WARN__DUPLICATE_METHOD_MATCH = YES;
				"CODE_SIGN_IDENTITY[sdk=iphoneos*]" = "iPhone Developer";
				COPY_PHASE_STRIP = YES;
				ENABLE_NS_ASSERTIONS = NO;
				GCC_C_LANGUAGE_STANDARD = gnu99;
				GCC_WARN_64_TO_32_BIT_CONVERSION = YES;
				GCC_WARN_ABOUT_RETURN_TYPE = YES_ERROR;
				GCC_WARN_UNDECLARED_SELECTOR = YES;
				GCC_WARN_UNINITIALIZED_AUTOS = YES_AGGRESSIVE;
				GCC_WARN_UNUSED_FUNCTION = YES;
				GCC_WARN_UNUSED_VARIABLE = YES;
				IPHONEOS_DEPLOYMENT_TARGET = 7.1;
				SDKROOT = iphoneos;
				VALIDATE_PRODUCT = YES;
			};
			name = Release;
		};
		5CABED78192E5E84005DE1FF /* Debug */ = {
			isa = XCBuildConfiguration;
			buildSettings = {
				ASSETCATALOG_COMPILER_APPICON_NAME = AppIcon;
				ASSETCATALOG_COMPILER_LAUNCHIMAGE_NAME = LaunchImage;
				GCC_PRECOMPILE_PREFIX_HEADER = YES;
				GCC_PREFIX_HEADER = "CoreDataSample2/CoreDataSample2-Prefix.pch";
				INFOPLIST_FILE = "CoreDataSample2/CoreDataSample2-Info.plist";
				PRODUCT_NAME = "$(TARGET_NAME)";
				WRAPPER_EXTENSION = app;
			};
			name = Debug;
		};
		5CABED79192E5E84005DE1FF /* Release */ = {
			isa = XCBuildConfiguration;
			buildSettings = {
				ASSETCATALOG_COMPILER_APPICON_NAME = AppIcon;
				ASSETCATALOG_COMPILER_LAUNCHIMAGE_NAME = LaunchImage;
				GCC_PRECOMPILE_PREFIX_HEADER = YES;
				GCC_PREFIX_HEADER = "CoreDataSample2/CoreDataSample2-Prefix.pch";
				INFOPLIST_FILE = "CoreDataSample2/CoreDataSample2-Info.plist";
				PRODUCT_NAME = "$(TARGET_NAME)";
				WRAPPER_EXTENSION = app;
			};
			name = Release;
		};
		5CABED7B192E5E84005DE1FF /* Debug */ = {
			isa = XCBuildConfiguration;
			buildSettings = {
				BUNDLE_LOADER = "$(BUILT_PRODUCTS_DIR)/CoreDataSample2.app/CoreDataSample2";
				FRAMEWORK_SEARCH_PATHS = (
					"$(SDKROOT)/Developer/Library/Frameworks",
					"$(inherited)",
					"$(DEVELOPER_FRAMEWORKS_DIR)",
				);
				GCC_PRECOMPILE_PREFIX_HEADER = YES;
				GCC_PREFIX_HEADER = "CoreDataSample2/CoreDataSample2-Prefix.pch";
				GCC_PREPROCESSOR_DEFINITIONS = (
					"DEBUG=1",
					"$(inherited)",
				);
				INFOPLIST_FILE = "CoreDataSample2Tests/CoreDataSample2Tests-Info.plist";
				PRODUCT_NAME = "$(TARGET_NAME)";
				TEST_HOST = "$(BUNDLE_LOADER)";
				WRAPPER_EXTENSION = xctest;
			};
			name = Debug;
		};
		5CABED7C192E5E84005DE1FF /* Release */ = {
			isa = XCBuildConfiguration;
			buildSettings = {
				BUNDLE_LOADER = "$(BUILT_PRODUCTS_DIR)/CoreDataSample2.app/CoreDataSample2";
				FRAMEWORK_SEARCH_PATHS = (
					"$(SDKROOT)/Developer/Library/Frameworks",
					"$(inherited)",
					"$(DEVELOPER_FRAMEWORKS_DIR)",
				);
				GCC_PRECOMPILE_PREFIX_HEADER = YES;
				GCC_PREFIX_HEADER = "CoreDataSample2/CoreDataSample2-Prefix.pch";
				INFOPLIST_FILE = "CoreDataSample2Tests/CoreDataSample2Tests-Info.plist";
				PRODUCT_NAME = "$(TARGET_NAME)";
				TEST_HOST = "$(BUNDLE_LOADER)";
				WRAPPER_EXTENSION = xctest;
			};
			name = Release;
		};
/* End XCBuildConfiguration section */

/* Begin XCConfigurationList section */
		5CABED46192E5E84005DE1FF /* Build configuration list for PBXProject "CoreDataSample2" */ = {
			isa = XCConfigurationList;
			buildConfigurations = (
				5CABED75192E5E84005DE1FF /* Debug */,
				5CABED76192E5E84005DE1FF /* Release */,
			);
			defaultConfigurationIsVisible = 0;
			defaultConfigurationName = Release;
		};
		5CABED77192E5E84005DE1FF /* Build configuration list for PBXNativeTarget "CoreDataSample2" */ = {
			isa = XCConfigurationList;
			buildConfigurations = (
				5CABED78192E5E84005DE1FF /* Debug */,
				5CABED79192E5E84005DE1FF /* Release */,
			);
			defaultConfigurationIsVisible = 0;
		};
		5CABED7A192E5E84005DE1FF /* Build configuration list for PBXNativeTarget "CoreDataSample2Tests" */ = {
			isa = XCConfigurationList;
			buildConfigurations = (
				5CABED7B192E5E84005DE1FF /* Debug */,
				5CABED7C192E5E84005DE1FF /* Release */,
			);
			defaultConfigurationIsVisible = 0;
		};
/* End XCConfigurationList section */

/* Begin XCVersionGroup section */
		5CABED7D192E5EAA005DE1FF /* Model.xcdatamodeld */ = {
			isa = XCVersionGroup;
			children = (
				5CABED7E192E5EAA005DE1FF /* Model.xcdatamodel */,
			);
			currentVersion = 5CABED7E192E5EAA005DE1FF /* Model.xcdatamodel */;
			path = Model.xcdatamodeld;
			sourceTree = "<group>";
			versionGroupType = wrapper.xcdatamodel;
		};
/* End XCVersionGroup section */
	};
	rootObject = 5CABED43192E5E84005DE1FF /* Project object */;
}
